
Microsoft Visual Studio Solution File, Format Version 12.00
# Visual Studio Version 16
VisualStudioVersion = 16.0.31313.79
MinimumVisualStudioVersion = 10.0.40219.1
Project("{FAE04EC0-301F-11D3-BF4B-00C04F79EFBC}") = "String 2", "String 2\String 2.csproj", "{4FE3B75C-D3B6-414C-BB82-EE21C32E38CD}"
EndProject
Global
	GlobalSection(SolutionConfigurationPlatforms) = preSolution
		Debug|Any CPU = Debug|Any CPU
		Release|Any CPU = Release|Any CPU
	EndGlobalSection
	GlobalSection(ProjectConfigurationPlatforms) = postSolution
		{4FE3B75C-D3B6-414C-BB82-EE21C32E38CD}.Debug|Any CPU.ActiveCfg = Debug|Any CPU
		{4FE3B75C-D3B6-414C-BB82-EE21C32E38CD}.Debug|Any CPU.Build.0 = Debug|Any CPU
		{4FE3B75C-D3B6-414C-BB82-EE21C32E38CD}.Release|Any CPU.ActiveCfg = Release|Any CPU
		{4FE3B75C-D3B6-414C-BB82-EE21C32E38CD}.Release|Any CPU.Build.0 = Release|Any CPU
	EndGlobalSection
	GlobalSection(SolutionProperties) = preSolution
		HideSolutionNode = FALSE
	EndGlobalSection
	GlobalSection(ExtensibilityGlobals) = postSolution
		SolutionGuid = {6A81D7CF-70E0-4BD8-9E72-F207E7EB9483}
	EndGlobalSection
EndGlobal
