
Microsoft Visual Studio Solution File, Format Version 12.00
# Visual Studio Version 16
VisualStudioVersion = 16.0.31112.23
MinimumVisualStudioVersion = 10.0.40219.1
Project("{FAE04EC0-301F-11D3-BF4B-00C04F79EFBC}") = "faktöriyel kuvvet", "faktöriyel kuvvet\faktöriyel kuvvet.csproj", "{FD1EBD72-3227-4F25-85D8-23F871267317}"
EndProject
Global
	GlobalSection(SolutionConfigurationPlatforms) = preSolution
		Debug|Any CPU = Debug|Any CPU
		Release|Any CPU = Release|Any CPU
	EndGlobalSection
	GlobalSection(ProjectConfigurationPlatforms) = postSolution
		{FD1EBD72-3227-4F25-85D8-23F871267317}.Debug|Any CPU.ActiveCfg = Debug|Any CPU
		{FD1EBD72-3227-4F25-85D8-23F871267317}.Debug|Any CPU.Build.0 = Debug|Any CPU
		{FD1EBD72-3227-4F25-85D8-23F871267317}.Release|Any CPU.ActiveCfg = Release|Any CPU
		{FD1EBD72-3227-4F25-85D8-23F871267317}.Release|Any CPU.Build.0 = Release|Any CPU
	EndGlobalSection
	GlobalSection(SolutionProperties) = preSolution
		HideSolutionNode = FALSE
	EndGlobalSection
	GlobalSection(ExtensibilityGlobals) = postSolution
		SolutionGuid = {39E0D575-8E90-4E11-AB83-721D2BB2F153}
	EndGlobalSection
EndGlobal
