
Microsoft Visual Studio Solution File, Format Version 12.00
# Visual Studio Version 16
VisualStudioVersion = 16.0.31313.79
MinimumVisualStudioVersion = 10.0.40219.1
Project("{FAE04EC0-301F-11D3-BF4B-00C04F79EFBC}") = "Arraylist 2", "Arraylist 2\Arraylist 2.csproj", "{949F849E-1B83-4B7E-98C8-12EC01BFD4DD}"
EndProject
Global
	GlobalSection(SolutionConfigurationPlatforms) = preSolution
		Debug|Any CPU = Debug|Any CPU
		Release|Any CPU = Release|Any CPU
	EndGlobalSection
	GlobalSection(ProjectConfigurationPlatforms) = postSolution
		{949F849E-1B83-4B7E-98C8-12EC01BFD4DD}.Debug|Any CPU.ActiveCfg = Debug|Any CPU
		{949F849E-1B83-4B7E-98C8-12EC01BFD4DD}.Debug|Any CPU.Build.0 = Debug|Any CPU
		{949F849E-1B83-4B7E-98C8-12EC01BFD4DD}.Release|Any CPU.ActiveCfg = Release|Any CPU
		{949F849E-1B83-4B7E-98C8-12EC01BFD4DD}.Release|Any CPU.Build.0 = Release|Any CPU
	EndGlobalSection
	GlobalSection(SolutionProperties) = preSolution
		HideSolutionNode = FALSE
	EndGlobalSection
	GlobalSection(ExtensibilityGlobals) = postSolution
		SolutionGuid = {201FCA6A-A4E5-4471-A8DA-7AFA1DF7837A}
	EndGlobalSection
EndGlobal
