
Microsoft Visual Studio Solution File, Format Version 12.00
# Visual Studio Version 16
VisualStudioVersion = 16.0.31112.23
MinimumVisualStudioVersion = 10.0.40219.1
Project("{FAE04EC0-301F-11D3-BF4B-00C04F79EFBC}") = "X şeklinde isim yazma", "X şeklinde isim yazma\X şeklinde isim yazma.csproj", "{460B8EB5-93D5-4640-B778-500028D4C0CA}"
EndProject
Global
	GlobalSection(SolutionConfigurationPlatforms) = preSolution
		Debug|Any CPU = Debug|Any CPU
		Release|Any CPU = Release|Any CPU
	EndGlobalSection
	GlobalSection(ProjectConfigurationPlatforms) = postSolution
		{460B8EB5-93D5-4640-B778-500028D4C0CA}.Debug|Any CPU.ActiveCfg = Debug|Any CPU
		{460B8EB5-93D5-4640-B778-500028D4C0CA}.Debug|Any CPU.Build.0 = Debug|Any CPU
		{460B8EB5-93D5-4640-B778-500028D4C0CA}.Release|Any CPU.ActiveCfg = Release|Any CPU
		{460B8EB5-93D5-4640-B778-500028D4C0CA}.Release|Any CPU.Build.0 = Release|Any CPU
	EndGlobalSection
	GlobalSection(SolutionProperties) = preSolution
		HideSolutionNode = FALSE
	EndGlobalSection
	GlobalSection(ExtensibilityGlobals) = postSolution
		SolutionGuid = {76D852BE-ABC3-4046-95BF-C87C168BDAB6}
	EndGlobalSection
EndGlobal
