
Microsoft Visual Studio Solution File, Format Version 12.00
# Visual Studio Version 16
VisualStudioVersion = 16.0.31112.23
MinimumVisualStudioVersion = 10.0.40219.1
Project("{FAE04EC0-301F-11D3-BF4B-00C04F79EFBC}") = "1 den 1000 e durmadan dönen", "1 den 1000 e durmadan dönen\1 den 1000 e durmadan dönen.csproj", "{04011711-8D1C-4FA1-9F2E-0ED455C031EA}"
EndProject
Global
	GlobalSection(SolutionConfigurationPlatforms) = preSolution
		Debug|Any CPU = Debug|Any CPU
		Release|Any CPU = Release|Any CPU
	EndGlobalSection
	GlobalSection(ProjectConfigurationPlatforms) = postSolution
		{04011711-8D1C-4FA1-9F2E-0ED455C031EA}.Debug|Any CPU.ActiveCfg = Debug|Any CPU
		{04011711-8D1C-4FA1-9F2E-0ED455C031EA}.Debug|Any CPU.Build.0 = Debug|Any CPU
		{04011711-8D1C-4FA1-9F2E-0ED455C031EA}.Release|Any CPU.ActiveCfg = Release|Any CPU
		{04011711-8D1C-4FA1-9F2E-0ED455C031EA}.Release|Any CPU.Build.0 = Release|Any CPU
	EndGlobalSection
	GlobalSection(SolutionProperties) = preSolution
		HideSolutionNode = FALSE
	EndGlobalSection
	GlobalSection(ExtensibilityGlobals) = postSolution
		SolutionGuid = {59E8476D-8D40-4F08-9E74-126B84ADC691}
	EndGlobalSection
EndGlobal
