
Microsoft Visual Studio Solution File, Format Version 12.00
# Visual Studio Version 16
VisualStudioVersion = 16.0.31112.23
MinimumVisualStudioVersion = 10.0.40219.1
Project("{FAE04EC0-301F-11D3-BF4B-00C04F79EFBC}") = "E girdiği sürece toplama", "E girdiği sürece toplama\E girdiği sürece toplama.csproj", "{A85A19FB-837A-42D2-B374-C2B56A11ECF0}"
EndProject
Global
	GlobalSection(SolutionConfigurationPlatforms) = preSolution
		Debug|Any CPU = Debug|Any CPU
		Release|Any CPU = Release|Any CPU
	EndGlobalSection
	GlobalSection(ProjectConfigurationPlatforms) = postSolution
		{A85A19FB-837A-42D2-B374-C2B56A11ECF0}.Debug|Any CPU.ActiveCfg = Debug|Any CPU
		{A85A19FB-837A-42D2-B374-C2B56A11ECF0}.Debug|Any CPU.Build.0 = Debug|Any CPU
		{A85A19FB-837A-42D2-B374-C2B56A11ECF0}.Release|Any CPU.ActiveCfg = Release|Any CPU
		{A85A19FB-837A-42D2-B374-C2B56A11ECF0}.Release|Any CPU.Build.0 = Release|Any CPU
	EndGlobalSection
	GlobalSection(SolutionProperties) = preSolution
		HideSolutionNode = FALSE
	EndGlobalSection
	GlobalSection(ExtensibilityGlobals) = postSolution
		SolutionGuid = {EF6565F5-27C0-4E8F-A7A4-3224D89E5BBE}
	EndGlobalSection
EndGlobal
