
Microsoft Visual Studio Solution File, Format Version 12.00
# Visual Studio Version 16
VisualStudioVersion = 16.0.31313.79
MinimumVisualStudioVersion = 10.0.40219.1
Project("{FAE04EC0-301F-11D3-BF4B-00C04F79EFBC}") = "String 3", "String 3\String 3.csproj", "{FEB39D24-08AB-43CC-81C1-033DD779FCE9}"
EndProject
Global
	GlobalSection(SolutionConfigurationPlatforms) = preSolution
		Debug|Any CPU = Debug|Any CPU
		Release|Any CPU = Release|Any CPU
	EndGlobalSection
	GlobalSection(ProjectConfigurationPlatforms) = postSolution
		{FEB39D24-08AB-43CC-81C1-033DD779FCE9}.Debug|Any CPU.ActiveCfg = Debug|Any CPU
		{FEB39D24-08AB-43CC-81C1-033DD779FCE9}.Debug|Any CPU.Build.0 = Debug|Any CPU
		{FEB39D24-08AB-43CC-81C1-033DD779FCE9}.Release|Any CPU.ActiveCfg = Release|Any CPU
		{FEB39D24-08AB-43CC-81C1-033DD779FCE9}.Release|Any CPU.Build.0 = Release|Any CPU
	EndGlobalSection
	GlobalSection(SolutionProperties) = preSolution
		HideSolutionNode = FALSE
	EndGlobalSection
	GlobalSection(ExtensibilityGlobals) = postSolution
		SolutionGuid = {942EAB46-546A-468C-A205-485551838F34}
	EndGlobalSection
EndGlobal
