
Microsoft Visual Studio Solution File, Format Version 12.00
# Visual Studio Version 16
VisualStudioVersion = 16.0.31313.79
MinimumVisualStudioVersion = 10.0.40219.1
Project("{FAE04EC0-301F-11D3-BF4B-00C04F79EFBC}") = "ArrayList 1", "ArrayList 1\ArrayList 1.csproj", "{EE2045B4-2E65-4E81-B134-E2B60F165764}"
EndProject
Global
	GlobalSection(SolutionConfigurationPlatforms) = preSolution
		Debug|Any CPU = Debug|Any CPU
		Release|Any CPU = Release|Any CPU
	EndGlobalSection
	GlobalSection(ProjectConfigurationPlatforms) = postSolution
		{EE2045B4-2E65-4E81-B134-E2B60F165764}.Debug|Any CPU.ActiveCfg = Debug|Any CPU
		{EE2045B4-2E65-4E81-B134-E2B60F165764}.Debug|Any CPU.Build.0 = Debug|Any CPU
		{EE2045B4-2E65-4E81-B134-E2B60F165764}.Release|Any CPU.ActiveCfg = Release|Any CPU
		{EE2045B4-2E65-4E81-B134-E2B60F165764}.Release|Any CPU.Build.0 = Release|Any CPU
	EndGlobalSection
	GlobalSection(SolutionProperties) = preSolution
		HideSolutionNode = FALSE
	EndGlobalSection
	GlobalSection(ExtensibilityGlobals) = postSolution
		SolutionGuid = {98B7C924-3583-47B9-B0A0-45F8AAF24983}
	EndGlobalSection
EndGlobal
