
Microsoft Visual Studio Solution File, Format Version 12.00
# Visual Studio Version 16
VisualStudioVersion = 16.0.31129.286
MinimumVisualStudioVersion = 10.0.40219.1
Project("{FAE04EC0-301F-11D3-BF4B-00C04F79EFBC}") = "Sayı seçip çarpım tablosu yapma", "Sayı seçip çarpım tablosu yapma\Sayı seçip çarpım tablosu yapma.csproj", "{E1B2F3F6-17B4-414E-84F6-3AB4ED85E8A0}"
EndProject
Global
	GlobalSection(SolutionConfigurationPlatforms) = preSolution
		Debug|Any CPU = Debug|Any CPU
		Release|Any CPU = Release|Any CPU
	EndGlobalSection
	GlobalSection(ProjectConfigurationPlatforms) = postSolution
		{E1B2F3F6-17B4-414E-84F6-3AB4ED85E8A0}.Debug|Any CPU.ActiveCfg = Debug|Any CPU
		{E1B2F3F6-17B4-414E-84F6-3AB4ED85E8A0}.Debug|Any CPU.Build.0 = Debug|Any CPU
		{E1B2F3F6-17B4-414E-84F6-3AB4ED85E8A0}.Release|Any CPU.ActiveCfg = Release|Any CPU
		{E1B2F3F6-17B4-414E-84F6-3AB4ED85E8A0}.Release|Any CPU.Build.0 = Release|Any CPU
	EndGlobalSection
	GlobalSection(SolutionProperties) = preSolution
		HideSolutionNode = FALSE
	EndGlobalSection
	GlobalSection(ExtensibilityGlobals) = postSolution
		SolutionGuid = {AD38071B-E16D-4A6A-8D3B-BA302B339613}
	EndGlobalSection
EndGlobal
