
Microsoft Visual Studio Solution File, Format Version 12.00
# Visual Studio Version 16
VisualStudioVersion = 16.0.31313.79
MinimumVisualStudioVersion = 10.0.40219.1
Project("{FAE04EC0-301F-11D3-BF4B-00C04F79EFBC}") = "Arraylist 3", "Arraylist 3\Arraylist 3.csproj", "{B4729C42-7B41-4A73-ACC1-F1F55A5401EB}"
EndProject
Global
	GlobalSection(SolutionConfigurationPlatforms) = preSolution
		Debug|Any CPU = Debug|Any CPU
		Release|Any CPU = Release|Any CPU
	EndGlobalSection
	GlobalSection(ProjectConfigurationPlatforms) = postSolution
		{B4729C42-7B41-4A73-ACC1-F1F55A5401EB}.Debug|Any CPU.ActiveCfg = Debug|Any CPU
		{B4729C42-7B41-4A73-ACC1-F1F55A5401EB}.Debug|Any CPU.Build.0 = Debug|Any CPU
		{B4729C42-7B41-4A73-ACC1-F1F55A5401EB}.Release|Any CPU.ActiveCfg = Release|Any CPU
		{B4729C42-7B41-4A73-ACC1-F1F55A5401EB}.Release|Any CPU.Build.0 = Release|Any CPU
	EndGlobalSection
	GlobalSection(SolutionProperties) = preSolution
		HideSolutionNode = FALSE
	EndGlobalSection
	GlobalSection(ExtensibilityGlobals) = postSolution
		SolutionGuid = {7B1215C3-1733-4A33-8F36-86197A087F67}
	EndGlobalSection
EndGlobal
